
Microsoft Visual Studio Solution File, Format Version 12.00
# Visual Studio Version 16
VisualStudioVersion = 16.0.32228.343
MinimumVisualStudioVersion = 10.0.40219.1
Project("{FAE04EC0-301F-11D3-BF4B-00C04F79EFBC}") = "Szyfr Vigenere", "Szyfr Vigenere\Szyfr Vigenere.csproj", "{90B84118-FBCD-464F-9ACA-5AAAE6250345}"
EndProject
Global
	GlobalSection(SolutionConfigurationPlatforms) = preSolution
		Debug|Any CPU = Debug|Any CPU
		Release|Any CPU = Release|Any CPU
	EndGlobalSection
	GlobalSection(ProjectConfigurationPlatforms) = postSolution
		{90B84118-FBCD-464F-9ACA-5AAAE6250345}.Debug|Any CPU.ActiveCfg = Debug|Any CPU
		{90B84118-FBCD-464F-9ACA-5AAAE6250345}.Debug|Any CPU.Build.0 = Debug|Any CPU
		{90B84118-FBCD-464F-9ACA-5AAAE6250345}.Release|Any CPU.ActiveCfg = Release|Any CPU
		{90B84118-FBCD-464F-9ACA-5AAAE6250345}.Release|Any CPU.Build.0 = Release|Any CPU
	EndGlobalSection
	GlobalSection(SolutionProperties) = preSolution
		HideSolutionNode = FALSE
	EndGlobalSection
	GlobalSection(ExtensibilityGlobals) = postSolution
		SolutionGuid = {23145244-584D-47B6-A46F-5E036D9DE816}
	EndGlobalSection
EndGlobal
